
Microsoft Visual Studio Solution File, Format Version 12.00
# Visual Studio Version 17
VisualStudioVersion = 17.13.35825.156 d17.13
MinimumVisualStudioVersion = 10.0.40219.1
Project("{FAE04EC0-301F-11D3-BF4B-00C04F79EFBC}") = "FindAFelineApp.Web", "FindAFelineApp.Web.csproj", "{C7CC13AB-C56D-46C4-95E5-9B04FFDA7B6F}"
EndProject
Project("{FAE04EC0-301F-11D3-BF4B-00C04F79EFBC}") = "FindAFelineApp.Data", "..\FindAFelineApp.Data\FindAFelineApp.Data.csproj", "{6674A0EF-6534-4EF4-99C0-B329C878AA0C}"
EndProject
Project("{FAE04EC0-301F-11D3-BF4B-00C04F79EFBC}") = "FindAFelineApp.Services", "..\FindAFelineApp.Services\FindAFelineApp.Services.csproj", "{2963F123-49F0-4151-806C-35DD2BF1F3D3}"
EndProject
Global
	GlobalSection(SolutionConfigurationPlatforms) = preSolution
		Debug|Any CPU = Debug|Any CPU
		Release|Any CPU = Release|Any CPU
	EndGlobalSection
	GlobalSection(ProjectConfigurationPlatforms) = postSolution
		{C7CC13AB-C56D-46C4-95E5-9B04FFDA7B6F}.Debug|Any CPU.ActiveCfg = Debug|Any CPU
		{C7CC13AB-C56D-46C4-95E5-9B04FFDA7B6F}.Debug|Any CPU.Build.0 = Debug|Any CPU
		{C7CC13AB-C56D-46C4-95E5-9B04FFDA7B6F}.Release|Any CPU.ActiveCfg = Release|Any CPU
		{C7CC13AB-C56D-46C4-95E5-9B04FFDA7B6F}.Release|Any CPU.Build.0 = Release|Any CPU
		{6674A0EF-6534-4EF4-99C0-B329C878AA0C}.Debug|Any CPU.ActiveCfg = Debug|Any CPU
		{6674A0EF-6534-4EF4-99C0-B329C878AA0C}.Debug|Any CPU.Build.0 = Debug|Any CPU
		{6674A0EF-6534-4EF4-99C0-B329C878AA0C}.Release|Any CPU.ActiveCfg = Release|Any CPU
		{6674A0EF-6534-4EF4-99C0-B329C878AA0C}.Release|Any CPU.Build.0 = Release|Any CPU
		{2963F123-49F0-4151-806C-35DD2BF1F3D3}.Debug|Any CPU.ActiveCfg = Debug|Any CPU
		{2963F123-49F0-4151-806C-35DD2BF1F3D3}.Debug|Any CPU.Build.0 = Debug|Any CPU
		{2963F123-49F0-4151-806C-35DD2BF1F3D3}.Release|Any CPU.ActiveCfg = Release|Any CPU
		{2963F123-49F0-4151-806C-35DD2BF1F3D3}.Release|Any CPU.Build.0 = Release|Any CPU
	EndGlobalSection
	GlobalSection(SolutionProperties) = preSolution
		HideSolutionNode = FALSE
	EndGlobalSection
	GlobalSection(ExtensibilityGlobals) = postSolution
		SolutionGuid = {673F8B0C-74C1-4A3D-ACE5-BE82601A18F3}
	EndGlobalSection
EndGlobal
